
Microsoft Visual Studio Solution File, Format Version 12.00
# Visual Studio Version 16
VisualStudioVersion = 16.0.32126.315
MinimumVisualStudioVersion = 10.0.40219.1
Project("{9A19103F-16F7-4668-BE54-9A1E7A4F7556}") = "devnet-crmscript-intellisense-generator", "devnet-crmscript-intellisense-generator.csproj", "{8E19CB47-70F5-4621-A912-06189CFD79F7}"
EndProject
Global
	GlobalSection(SolutionConfigurationPlatforms) = preSolution
		Debug|Any CPU = Debug|Any CPU
		Release|Any CPU = Release|Any CPU
	EndGlobalSection
	GlobalSection(ProjectConfigurationPlatforms) = postSolution
		{8E19CB47-70F5-4621-A912-06189CFD79F7}.Debug|Any CPU.ActiveCfg = Debug|Any CPU
		{8E19CB47-70F5-4621-A912-06189CFD79F7}.Debug|Any CPU.Build.0 = Debug|Any CPU
		{8E19CB47-70F5-4621-A912-06189CFD79F7}.Release|Any CPU.ActiveCfg = Release|Any CPU
		{8E19CB47-70F5-4621-A912-06189CFD79F7}.Release|Any CPU.Build.0 = Release|Any CPU
	EndGlobalSection
	GlobalSection(SolutionProperties) = preSolution
		HideSolutionNode = FALSE
	EndGlobalSection
	GlobalSection(ExtensibilityGlobals) = postSolution
		SolutionGuid = {050D2657-551D-46AA-840F-13A48199F287}
	EndGlobalSection
EndGlobal
